
Microsoft Visual Studio Solution File, Format Version 12.00
# Visual Studio Version 17
VisualStudioVersion = 17.7.34031.279
MinimumVisualStudioVersion = 10.0.40219.1
Project("{FAE04EC0-301F-11D3-BF4B-00C04F79EFBC}") = "kanban-board", "kanban-board\kanban-board.csproj", "{F8A2CFA2-1F4D-4493-B116-8FC389C98354}"
EndProject
Global
	GlobalSection(SolutionConfigurationPlatforms) = preSolution
		Debug|Any CPU = Debug|Any CPU
		Release|Any CPU = Release|Any CPU
	EndGlobalSection
	GlobalSection(ProjectConfigurationPlatforms) = postSolution
		{F8A2CFA2-1F4D-4493-B116-8FC389C98354}.Debug|Any CPU.ActiveCfg = Debug|Any CPU
		{F8A2CFA2-1F4D-4493-B116-8FC389C98354}.Debug|Any CPU.Build.0 = Debug|Any CPU
		{F8A2CFA2-1F4D-4493-B116-8FC389C98354}.Release|Any CPU.ActiveCfg = Release|Any CPU
		{F8A2CFA2-1F4D-4493-B116-8FC389C98354}.Release|Any CPU.Build.0 = Release|Any CPU
	EndGlobalSection
	GlobalSection(SolutionProperties) = preSolution
		HideSolutionNode = FALSE
	EndGlobalSection
	GlobalSection(ExtensibilityGlobals) = postSolution
		SolutionGuid = {480E693B-EDFA-460D-AD0F-8475B316BFBB}
	EndGlobalSection
EndGlobal
